// !$*UTF8*$!
{
	archiveVersion = 1;
	classes = {
	};
	objectVersion = 48;
	objects = {

/* Begin PBXBuildFile section */
		80EC7FB91EE7A25400768C9A /* AppDelegate.swift in Sources */ = {isa = PBXBuildFile; fileRef = 80EC7FB81EE7A25400768C9A /* AppDelegate.swift */; };
		80EC7FBB1EE7A25400768C9A /* ViewController.swift in Sources */ = {isa = PBXBuildFile; fileRef = 80EC7FBA1EE7A25400768C9A /* ViewController.swift */; };
		80EC7FBE1EE7A25400768C9A /* Main.storyboard in Resources */ = {isa = PBXBuildFile; fileRef = 80EC7FBC1EE7A25400768C9A /* Main.storyboard */; };
		80EC7FC01EE7A25400768C9A /* Assets.xcassets in Resources */ = {isa = PBXBuildFile; fileRef = 80EC7FBF1EE7A25400768C9A /* Assets.xcassets */; };
		80EC7FC31EE7A25400768C9A /* LaunchScreen.storyboard in Resources */ = {isa = PBXBuildFile; fileRef = 80EC7FC11EE7A25400768C9A /* LaunchScreen.storyboard */; };
/* End PBXBuildFile section */

/* Begin PBXFileReference section */
		80EC7FB51EE7A25400768C9A /* MLLiveVisionTest.app */ = {isa = PBXFileReference; explicitFileType = wrapper.application; includeInIndex = 0; path = MLLiveVisionTest.app; sourceTree = BUILT_PRODUCTS_DIR; };
		80EC7FB81EE7A25400768C9A /* AppDelegate.swift */ = {isa = PBXFileReference; lastKnownFileType = sourcecode.swift; path = AppDelegate.swift; sourceTree = "<group>"; };
		80EC7FBA1EE7A25400768C9A /* ViewController.swift */ = {isa = PBXFileReference; lastKnownFileType = sourcecode.swift; path = ViewController.swift; sourceTree = "<group>"; };
		80EC7FBD1EE7A25400768C9A /* Base */ = {isa = PBXFileReference; lastKnownFileType = file.storyboard; name = Base; path = Base.lproj/Main.storyboard; sourceTree = "<group>"; };
		80EC7FBF1EE7A25400768C9A /* Assets.xcassets */ = {isa = PBXFileReference; lastKnownFileType = folder.assetcatalog; path = Assets.xcassets; sourceTree = "<group>"; };
		80EC7FC21EE7A25400768C9A /* Base */ = {isa = PBXFileReference; lastKnownFileType = file.storyboard; name = Base; path = Base.lproj/LaunchScreen.storyboard; sourceTree = "<group>"; };
		80EC7FC41EE7A25400768C9A /* Info.plist */ = {isa = PBXFileReference; lastKnownFileType = text.plist.xml; path = Info.plist; sourceTree = "<group>"; };
/* End PBXFileReference section */

/* Begin PBXFrameworksBuildPhase section */
		80EC7FB21EE7A25400768C9A /* Frameworks */ = {
			isa = PBXFrameworksBuildPhase;
			buildActionMask = 2147483647;
			files = (
			);
			runOnlyForDeploymentPostprocessing = 0;
		};
/* End PBXFrameworksBuildPhase section */

/* Begin PBXGroup section */
		80EC7FAC1EE7A25400768C9A = {
			isa = PBXGroup;
			children = (
				80EC7FB71EE7A25400768C9A /* MLLiveVisionTest */,
				80EC7FB61EE7A25400768C9A /* Products */,
			);
			sourceTree = "<group>";
		};
		80EC7FB61EE7A25400768C9A /* Products */ = {
			isa = PBXGroup;
			children = (
				80EC7FB51EE7A25400768C9A /* MLLiveVisionTest.app */,
			);
			name = Products;
			sourceTree = "<group>";
		};
		80EC7FB71EE7A25400768C9A /* MLLiveVisionTest */ = {
			isa = PBXGroup;
			children = (
				80EC7FB81EE7A25400768C9A /* AppDelegate.swift */,
				80EC7FBA1EE7A25400768C9A /* ViewController.swift */,
				80EC7FBC1EE7A25400768C9A /* Main.storyboard */,
				80EC7FBF1EE7A25400768C9A /* Assets.xcassets */,
				80EC7FC11EE7A25400768C9A /* LaunchScreen.storyboard */,
				80EC7FC41EE7A25400768C9A /* Info.plist */,
			);
			path = MLLiveVisionTest;
			sourceTree = "<group>";
		};
/* End PBXGroup section */

/* Begin PBXNativeTarget section */
		80EC7FB41EE7A25400768C9A /* MLLiveVisionTest */ = {
			isa = PBXNativeTarget;
			buildConfigurationList = 80EC7FC71EE7A25400768C9A /* Build configuration list for PBXNativeTarget "MLLiveVisionTest" */;
			buildPhases = (
				80EC7FB11EE7A25400768C9A /* Sources */,
				80EC7FB21EE7A25400768C9A /* Frameworks */,
				80EC7FB31EE7A25400768C9A /* Resources */,
			);
			buildRules = (
			);
			dependencies = (
			);
			name = MLLiveVisionTest;
			productName = MLLiveVisionTest;
			productReference = 80EC7FB51EE7A25400768C9A /* MLLiveVisionTest.app */;
			productType = "com.apple.product-type.application";
		};
/* End PBXNativeTarget section */

/* Begin PBXProject section */
		80EC7FAD1EE7A25400768C9A /* Project object */ = {
			isa = PBXProject;
			attributes = {
				LastSwiftUpdateCheck = 0900;
				LastUpgradeCheck = 0900;
				ORGANIZATIONNAME = IJVP;
				TargetAttributes = {
					80EC7FB41EE7A25400768C9A = {
						CreatedOnToolsVersion = 9.0;
					};
				};
			};
			buildConfigurationList = 80EC7FB01EE7A25400768C9A /* Build configuration list for PBXProject "MLLiveVisionTest" */;
			compatibilityVersion = "Xcode 8.0";
			developmentRegion = en;
			hasScannedForEncodings = 0;
			knownRegions = (
				en,
				Base,
			);
			mainGroup = 80EC7FAC1EE7A25400768C9A;
			productRefGroup = 80EC7FB61EE7A25400768C9A /* Products */;
			projectDirPath = "";
			projectRoot = "";
			targets = (
				80EC7FB41EE7A25400768C9A /* MLLiveVisionTest */,
			);
		};
/* End PBXProject section */

/* Begin PBXResourcesBuildPhase section */
		80EC7FB31EE7A25400768C9A /* Resources */ = {
			isa = PBXResourcesBuildPhase;
			buildActionMask = 2147483647;
			files = (
				80EC7FC31EE7A25400768C9A /* LaunchScreen.storyboard in Resources */,
				80EC7FC01EE7A25400768C9A /* Assets.xcassets in Resources */,
				80EC7FBE1EE7A25400768C9A /* Main.storyboard in Resources */,
			);
			runOnlyForDeploymentPostprocessing = 0;
		};
/* End PBXResourcesBuildPhase section */

/* Begin PBXSourcesBuildPhase section */
		80EC7FB11EE7A25400768C9A /* Sources */ = {
			isa = PBXSourcesBuildPhase;
			buildActionMask = 2147483647;
			files = (
				80EC7FBB1EE7A25400768C9A /* ViewController.swift in Sources */,
				80EC7FB91EE7A25400768C9A /* AppDelegate.swift in Sources */,
			);
			runOnlyForDeploymentPostprocessing = 0;
		};
/* End PBXSourcesBuildPhase section */

/* Begin PBXVariantGroup section */
		80EC7FBC1EE7A25400768C9A /* Main.storyboard */ = {
			isa = PBXVariantGroup;
			children = (
				80EC7FBD1EE7A25400768C9A /* Base */,
			);
			name = Main.storyboard;
			sourceTree = "<group>";
		};
		80EC7FC11EE7A25400768C9A /* LaunchScreen.storyboard */ = {
			isa = PBXVariantGroup;
			children = (
				80EC7FC21EE7A25400768C9A /* Base */,
			);
			name = LaunchScreen.storyboard;
			sourceTree = "<group>";
		};
/* End PBXVariantGroup section */

/* Begin XCBuildConfiguration section */
		80EC7FC51EE7A25400768C9A /* Debug */ = {
			isa = XCBuildConfiguration;
			buildSettings = {
				ALWAYS_SEARCH_USER_PATHS = NO;
				CLANG_ANALYZER_NONNULL = YES;
				CLANG_ANALYZER_NUMBER_OBJECT_CONVERSION = YES_AGGRESSIVE;
				CLANG_CXX_LANGUAGE_STANDARD = "gnu++14";
				CLANG_CXX_LIBRARY = "libc++";
				CLANG_ENABLE_MODULES = YES;
				CLANG_ENABLE_OBJC_ARC = YES;
				CLANG_WARN_BLOCK_CAPTURE_AUTORELEASING = YES;
				CLANG_WARN_BOOL_CONVERSION = YES;
				CLANG_WARN_COMMA = YES;
				CLANG_WARN_CONSTANT_CONVERSION = YES;
				CLANG_WARN_DIRECT_OBJC_ISA_USAGE = YES_ERROR;
				CLANG_WARN_DOCUMENTATION_COMMENTS = YES;
				CLANG_WARN_EMPTY_BODY = YES;
				CLANG_WARN_ENUM_CONVERSION = YES;
				CLANG_WARN_INFINITE_RECURSION = YES;
				CLANG_WARN_INT_CONVERSION = YES;
				CLANG_WARN_OBJC_ROOT_CLASS = YES_ERROR;
				CLANG_WARN_RANGE_LOOP_ANALYSIS = YES;
				CLANG_WARN_STRICT_PROTOTYPES = YES;
				CLANG_WARN_SUSPICIOUS_MOVE = YES;
				CLANG_WARN_UNGUARDED_AVAILABILITY = YES_AGGRESSIVE;
				CLANG_WARN_UNREACHABLE_CODE = YES;
				CLANG_WARN__DUPLICATE_METHOD_MATCH = YES;
				CODE_SIGN_IDENTITY = "iPhone Developer";
				COPY_PHASE_STRIP = NO;
				DEBUG_INFORMATION_FORMAT = dwarf;
				ENABLE_STRICT_OBJC_MSGSEND = YES;
				ENABLE_TESTABILITY = YES;
				GCC_C_LANGUAGE_STANDARD = gnu11;
				GCC_DYNAMIC_NO_PIC = NO;
				GCC_NO_COMMON_BLOCKS = YES;
				GCC_OPTIMIZATION_LEVEL = 0;
				GCC_PREPROCESSOR_DEFINITIONS = (
					"DEBUG=1",
					"$(inherited)",
				);
				GCC_WARN_64_TO_32_BIT_CONVERSION = YES;
				GCC_WARN_ABOUT_RETURN_TYPE = YES_ERROR;
				GCC_WARN_UNDECLARED_SELECTOR = YES;
				GCC_WARN_UNINITIALIZED_AUTOS = YES_AGGRESSIVE;
				GCC_WARN_UNUSED_FUNCTION = YES;
				GCC_WARN_UNUSED_VARIABLE = YES;
				IPHONEOS_DEPLOYMENT_TARGET = 11.0;
				MTL_ENABLE_DEBUG_INFO = YES;
				ONLY_ACTIVE_ARCH = YES;
				SDKROOT = iphoneos;
				SWIFT_ACTIVE_COMPILATION_CONDITIONS = DEBUG;
				SWIFT_OPTIMIZATION_LEVEL = "-Onone";
			};
			name = Debug;
		};
		80EC7FC61EE7A25400768C9A /* Release */ = {
			isa = XCBuildConfiguration;
			buildSettings = {
				ALWAYS_SEARCH_USER_PATHS = NO;
				CLANG_ANALYZER_NONNULL = YES;
				CLANG_ANALYZER_NUMBER_OBJECT_CONVERSION = YES_AGGRESSIVE;
				CLANG_CXX_LANGUAGE_STANDARD = "gnu++14";
				CLANG_CXX_LIBRARY = "libc++";
				CLANG_ENABLE_MODULES = YES;
				CLANG_ENABLE_OBJC_ARC = YES;
				CLANG_WARN_BLOCK_CAPTURE_AUTORELEASING = YES;
				CLANG_WARN_BOOL_CONVERSION = YES;
				CLANG_WARN_COMMA = YES;
				CLANG_WARN_CONSTANT_CONVERSION = YES;
				CLANG_WARN_DIRECT_OBJC_ISA_USAGE = YES_ERROR;
				CLANG_WARN_DOCUMENTATION_COMMENTS = YES;
				CLANG_WARN_EMPTY_BODY = YES;
				CLANG_WARN_ENUM_CONVERSION = YES;
				CLANG_WARN_INFINITE_RECURSION = YES;
				CLANG_WARN_INT_CONVERSION = YES;
				CLANG_WARN_OBJC_ROOT_CLASS = YES_ERROR;
				CLANG_WARN_RANGE_LOOP_ANALYSIS = YES;
				CLANG_WARN_STRICT_PROTOTYPES = YES;
				CLANG_WARN_SUSPICIOUS_MOVE = YES;
				CLANG_WARN_UNGUARDED_AVAILABILITY = YES_AGGRESSIVE;
				CLANG_WARN_UNREACHABLE_CODE = YES;
				CLANG_WARN__DUPLICATE_METHOD_MATCH = YES;
				CODE_SIGN_IDENTITY = "iPhone Developer";
				COPY_PHASE_STRIP = NO;
				DEBUG_INFORMATION_FORMAT = "dwarf-with-dsym";
				ENABLE_NS_ASSERTIONS = NO;
				ENABLE_STRICT_OBJC_MSGSEND = YES;
				GCC_C_LANGUAGE_STANDARD = gnu11;
				GCC_NO_COMMON_BLOCKS = YES;
				GCC_WARN_64_TO_32_BIT_CONVERSION = YES;
				GCC_WARN_ABOUT_RETURN_TYPE = YES_ERROR;
				GCC_WARN_UNDECLARED_SELECTOR = YES;
				GCC_WARN_UNINITIALIZED_AUTOS = YES_AGGRESSIVE;
				GCC_WARN_UNUSED_FUNCTION = YES;
				GCC_WARN_UNUSED_VARIABLE = YES;
				IPHONEOS_DEPLOYMENT_TARGET = 11.0;
				MTL_ENABLE_DEBUG_INFO = NO;
				SDKROOT = iphoneos;
				SWIFT_OPTIMIZATION_LEVEL = "-Owholemodule";
				VALIDATE_PRODUCT = YES;
			};
			name = Release;
		};
		80EC7FC81EE7A25400768C9A /* Debug */ = {
			isa = XCBuildConfiguration;
			buildSettings = {
				ASSETCATALOG_COMPILER_APPICON_NAME = AppIcon;
				DEVELOPMENT_TEAM = 2FDA76HS7S;
				INFOPLIST_FILE = MLLiveVisionTest/Info.plist;
				LD_RUNPATH_SEARCH_PATHS = "$(inherited) @executable_path/Frameworks";
				PRODUCT_BUNDLE_IDENTIFIER = com.izaakprats.MLLiveVisionTest;
				PRODUCT_NAME = "$(TARGET_NAME)";
				SWIFT_VERSION = 4.0;
				TARGETED_DEVICE_FAMILY = "1,2";
			};
			name = Debug;
		};
		80EC7FC91EE7A25400768C9A /* Release */ = {
			isa = XCBuildConfiguration;
			buildSettings = {
				ASSETCATALOG_COMPILER_APPICON_NAME = AppIcon;
				DEVELOPMENT_TEAM = 2FDA76HS7S;
				INFOPLIST_FILE = MLLiveVisionTest/Info.plist;
				LD_RUNPATH_SEARCH_PATHS = "$(inherited) @executable_path/Frameworks";
				PRODUCT_BUNDLE_IDENTIFIER = com.izaakprats.MLLiveVisionTest;
				PRODUCT_NAME = "$(TARGET_NAME)";
				SWIFT_VERSION = 4.0;
				TARGETED_DEVICE_FAMILY = "1,2";
			};
			name = Release;
		};
/* End XCBuildConfiguration section */

/* Begin XCConfigurationList section */
		80EC7FB01EE7A25400768C9A /* Build configuration list for PBXProject "MLLiveVisionTest" */ = {
			isa = XCConfigurationList;
			buildConfigurations = (
				80EC7FC51EE7A25400768C9A /* Debug */,
				80EC7FC61EE7A25400768C9A /* Release */,
			);
			defaultConfigurationIsVisible = 0;
			defaultConfigurationName = Release;
		};
		80EC7FC71EE7A25400768C9A /* Build configuration list for PBXNativeTarget "MLLiveVisionTest" */ = {
			isa = XCConfigurationList;
			buildConfigurations = (
				80EC7FC81EE7A25400768C9A /* Debug */,
				80EC7FC91EE7A25400768C9A /* Release */,
			);
			defaultConfigurationIsVisible = 0;
		};
/* End XCConfigurationList section */
	};
	rootObject = 80EC7FAD1EE7A25400768C9A /* Project object */;
}
